
Microsoft Visual Studio Solution File, Format Version 12.00
# Visual Studio Version 17
VisualStudioVersion = 17.4.33205.214
MinimumVisualStudioVersion = 10.0.40219.1
Project("{8BC9CEB8-8B4A-11D0-8D11-00A0C91BC942}") = "005", "005\005.vcxproj", "{CEEA7BAA-0861-420D-B5B5-9456F9743116}"
EndProject
Global
	GlobalSection(SolutionConfigurationPlatforms) = preSolution
		Debug|x64 = Debug|x64
		Debug|x86 = Debug|x86
		Release|x64 = Release|x64
		Release|x86 = Release|x86
	EndGlobalSection
	GlobalSection(ProjectConfigurationPlatforms) = postSolution
		{CEEA7BAA-0861-420D-B5B5-9456F9743116}.Debug|x64.ActiveCfg = Debug|x64
		{CEEA7BAA-0861-420D-B5B5-9456F9743116}.Debug|x64.Build.0 = Debug|x64
		{CEEA7BAA-0861-420D-B5B5-9456F9743116}.Debug|x86.ActiveCfg = Debug|Win32
		{CEEA7BAA-0861-420D-B5B5-9456F9743116}.Debug|x86.Build.0 = Debug|Win32
		{CEEA7BAA-0861-420D-B5B5-9456F9743116}.Release|x64.ActiveCfg = Release|x64
		{CEEA7BAA-0861-420D-B5B5-9456F9743116}.Release|x64.Build.0 = Release|x64
		{CEEA7BAA-0861-420D-B5B5-9456F9743116}.Release|x86.ActiveCfg = Release|Win32
		{CEEA7BAA-0861-420D-B5B5-9456F9743116}.Release|x86.Build.0 = Release|Win32
	EndGlobalSection
	GlobalSection(SolutionProperties) = preSolution
		HideSolutionNode = FALSE
	EndGlobalSection
	GlobalSection(ExtensibilityGlobals) = postSolution
		SolutionGuid = {DE2F20E0-1F59-4668-9F38-C48CE9C9F3BE}
	EndGlobalSection
EndGlobal
